
Microsoft Visual Studio Solution File, Format Version 12.00
# Visual Studio Version 17
VisualStudioVersion = 17.0.32112.339
MinimumVisualStudioVersion = 10.0.40219.1
Project("{FAE04EC0-301F-11D3-BF4B-00C04F79EFBC}") = "PR2-2", "PR2-2.csproj", "{74E0D6FB-0138-4D21-9BED-853407700A62}"
EndProject
Global
	GlobalSection(SolutionConfigurationPlatforms) = preSolution
		Debug|Any CPU = Debug|Any CPU
		Release|Any CPU = Release|Any CPU
	EndGlobalSection
	GlobalSection(ProjectConfigurationPlatforms) = postSolution
		{74E0D6FB-0138-4D21-9BED-853407700A62}.Debug|Any CPU.ActiveCfg = Debug|Any CPU
		{74E0D6FB-0138-4D21-9BED-853407700A62}.Debug|Any CPU.Build.0 = Debug|Any CPU
		{74E0D6FB-0138-4D21-9BED-853407700A62}.Release|Any CPU.ActiveCfg = Release|Any CPU
		{74E0D6FB-0138-4D21-9BED-853407700A62}.Release|Any CPU.Build.0 = Release|Any CPU
	EndGlobalSection
	GlobalSection(SolutionProperties) = preSolution
		HideSolutionNode = FALSE
	EndGlobalSection
	GlobalSection(ExtensibilityGlobals) = postSolution
		SolutionGuid = {80E83AE2-ECA6-4535-BBCB-99A22D9B17C6}
	EndGlobalSection
EndGlobal
